# THIS IS AN AUTOGENERATED FILE. DO NOT EDIT THIS FILE DIRECTLY.
# yarn lockfile v1


p5.pattern@SYM380/p5.pattern:
  version "0.0.0"
  resolved "https://codeload.github.com/SYM380/p5.pattern/tar.gz/217299c865ef36403a8c65a5cdf41503cb9fe186"

p5@^1.4.0:
  version "1.4.0"
  resolved "https://registry.yarnpkg.com/p5/-/p5-1.4.0.tgz#d4d0f001c297525831861af5e017cdb5ef517a75"
  integrity sha512-U888W2ChcIzPhRhnv4FkNhaa4f5BDIWZfLhzvx9ZrQ5KtkZr/+o1UPIicV3yWTRy0HEG23NviHyDR3kgjaJ9wA==
